
Microsoft Visual Studio Solution File, Format Version 12.00
# Visual Studio Version 17
VisualStudioVersion = 17.0.31903.59
MinimumVisualStudioVersion = 10.0.40219.1
Project("{FAE04EC0-301F-11D3-BF4B-00C04F79EFBC}") = "HnbAPI", "HnbAPI\HnbAPI.csproj", "{05E7A131-3474-40B6-8909-4E16F31C286E}"
EndProject
Project("{FAE04EC0-301F-11D3-BF4B-00C04F79EFBC}") = "HnbREST", "HnbREST\HnbREST.csproj", "{45CDF908-2539-40D2-82FF-722C333D86ED}"
EndProject
Global
	GlobalSection(SolutionConfigurationPlatforms) = preSolution
		Debug|Any CPU = Debug|Any CPU
		Release|Any CPU = Release|Any CPU
	EndGlobalSection
	GlobalSection(ProjectConfigurationPlatforms) = postSolution
		{05E7A131-3474-40B6-8909-4E16F31C286E}.Debug|Any CPU.ActiveCfg = Debug|Any CPU
		{05E7A131-3474-40B6-8909-4E16F31C286E}.Debug|Any CPU.Build.0 = Debug|Any CPU
		{05E7A131-3474-40B6-8909-4E16F31C286E}.Release|Any CPU.ActiveCfg = Release|Any CPU
		{05E7A131-3474-40B6-8909-4E16F31C286E}.Release|Any CPU.Build.0 = Release|Any CPU
		{45CDF908-2539-40D2-82FF-722C333D86ED}.Debug|Any CPU.ActiveCfg = Debug|Any CPU
		{45CDF908-2539-40D2-82FF-722C333D86ED}.Debug|Any CPU.Build.0 = Debug|Any CPU
		{45CDF908-2539-40D2-82FF-722C333D86ED}.Debug|Any CPU.Deploy.0 = Debug|Any CPU
		{45CDF908-2539-40D2-82FF-722C333D86ED}.Release|Any CPU.ActiveCfg = Release|Any CPU
		{45CDF908-2539-40D2-82FF-722C333D86ED}.Release|Any CPU.Build.0 = Release|Any CPU
		{45CDF908-2539-40D2-82FF-722C333D86ED}.Release|Any CPU.Deploy.0 = Release|Any CPU
	EndGlobalSection
	GlobalSection(SolutionProperties) = preSolution
		HideSolutionNode = FALSE
	EndGlobalSection
EndGlobal
